// !$*UTF8*$!
{
	archiveVersion = 1;
	classes = {
	};
	objectVersion = 50;
	objects = {

/* Begin PBXBuildFile section */
		1786E1EE20BD8B880037DD6A /* AppDelegate.swift in Sources */ = {isa = PBXBuildFile; fileRef = 1786E1ED20BD8B880037DD6A /* AppDelegate.swift */; };
		1786E1F020BD8B880037DD6A /* ViewController.swift in Sources */ = {isa = PBXBuildFile; fileRef = 1786E1EF20BD8B880037DD6A /* ViewController.swift */; };
		1786E1F520BD8B8A0037DD6A /* Assets.xcassets in Resources */ = {isa = PBXBuildFile; fileRef = 1786E1F420BD8B8A0037DD6A /* Assets.xcassets */; };
		1786E1F820BD8B8A0037DD6A /* LaunchScreen.storyboard in Resources */ = {isa = PBXBuildFile; fileRef = 1786E1F620BD8B8A0037DD6A /* LaunchScreen.storyboard */; };
		1786E20020BD8C0E0037DD6A /* RootRouter.swift in Sources */ = {isa = PBXBuildFile; fileRef = 1786E1FF20BD8C0E0037DD6A /* RootRouter.swift */; };
		1786E21620BD8E350037DD6A /* FeatureListInteractor.swift in Sources */ = {isa = PBXBuildFile; fileRef = 1786E21520BD8E350037DD6A /* FeatureListInteractor.swift */; };
		1786E21920BD8E9F0037DD6A /* FeatureCategoryEntity.swift in Sources */ = {isa = PBXBuildFile; fileRef = 1786E21820BD8E9F0037DD6A /* FeatureCategoryEntity.swift */; };
		1786E21B20BD8EB00037DD6A /* FeatureEntity.swift in Sources */ = {isa = PBXBuildFile; fileRef = 1786E21A20BD8EB00037DD6A /* FeatureEntity.swift */; };
		1786E22320BD9CDA0037DD6A /* Extensions.swift in Sources */ = {isa = PBXBuildFile; fileRef = 1786E22220BD9CDA0037DD6A /* Extensions.swift */; };
		1786E22E20C02D900037DD6A /* FeatureCollectionInterface.swift in Sources */ = {isa = PBXBuildFile; fileRef = 1786E22D20C02D900037DD6A /* FeatureCollectionInterface.swift */; };
		1786E23020C0F72E0037DD6A /* FeatureCollectionRouter.swift in Sources */ = {isa = PBXBuildFile; fileRef = 1786E22F20C0F72E0037DD6A /* FeatureCollectionRouter.swift */; };
		1786E23220C0F76F0037DD6A /* FeatureCollectionViewPresenter.swift in Sources */ = {isa = PBXBuildFile; fileRef = 1786E23120C0F76F0037DD6A /* FeatureCollectionViewPresenter.swift */; };
		1786E23520C0F7E90037DD6A /* FeatureCollectionViewController.swift in Sources */ = {isa = PBXBuildFile; fileRef = 1786E23320C0F7E90037DD6A /* FeatureCollectionViewController.swift */; };
		1786E23620C0F7E90037DD6A /* FeatureCollectionViewController.xib in Resources */ = {isa = PBXBuildFile; fileRef = 1786E23420C0F7E90037DD6A /* FeatureCollectionViewController.xib */; };
		1786E23A20C17F2F0037DD6A /* FeatureCollectionHeaderView.swift in Sources */ = {isa = PBXBuildFile; fileRef = 1786E23820C17F2F0037DD6A /* FeatureCollectionHeaderView.swift */; };
		1786E23B20C17F2F0037DD6A /* FeatureCollectionHeaderView.xib in Resources */ = {isa = PBXBuildFile; fileRef = 1786E23920C17F2F0037DD6A /* FeatureCollectionHeaderView.xib */; };
		1786E23E20C23AC50037DD6A /* FeatureCollectionFooterView.swift in Sources */ = {isa = PBXBuildFile; fileRef = 1786E23C20C23AC50037DD6A /* FeatureCollectionFooterView.swift */; };
		1786E23F20C23AC50037DD6A /* FeatureCollectionFooterView.xib in Resources */ = {isa = PBXBuildFile; fileRef = 1786E23D20C23AC50037DD6A /* FeatureCollectionFooterView.xib */; };
		1786E24220C56D940037DD6A /* FeatureCollectionViewCell.swift in Sources */ = {isa = PBXBuildFile; fileRef = 1786E24020C56D930037DD6A /* FeatureCollectionViewCell.swift */; };
		1786E24320C56D940037DD6A /* FeatureCollectionViewCell.xib in Resources */ = {isa = PBXBuildFile; fileRef = 1786E24120C56D930037DD6A /* FeatureCollectionViewCell.xib */; };
		17D442FF20C6420800DC3D9C /* FeatureCategoriesEntity.swift in Sources */ = {isa = PBXBuildFile; fileRef = 17D442FE20C6420800DC3D9C /* FeatureCategoriesEntity.swift */; };
		17D4430120C6C04800DC3D9C /* features.json in Resources */ = {isa = PBXBuildFile; fileRef = 17D4430020C6C04800DC3D9C /* features.json */; };
/* End PBXBuildFile section */

/* Begin PBXFileReference section */
		1786E1EA20BD8B880037DD6A /* iTunesStoreSample.app */ = {isa = PBXFileReference; explicitFileType = wrapper.application; includeInIndex = 0; path = iTunesStoreSample.app; sourceTree = BUILT_PRODUCTS_DIR; };
		1786E1ED20BD8B880037DD6A /* AppDelegate.swift */ = {isa = PBXFileReference; lastKnownFileType = sourcecode.swift; path = AppDelegate.swift; sourceTree = "<group>"; };
		1786E1EF20BD8B880037DD6A /* ViewController.swift */ = {isa = PBXFileReference; lastKnownFileType = sourcecode.swift; path = ViewController.swift; sourceTree = "<group>"; };
		1786E1F420BD8B8A0037DD6A /* Assets.xcassets */ = {isa = PBXFileReference; lastKnownFileType = folder.assetcatalog; path = Assets.xcassets; sourceTree = "<group>"; };
		1786E1F720BD8B8A0037DD6A /* Base */ = {isa = PBXFileReference; lastKnownFileType = file.storyboard; name = Base; path = Base.lproj/LaunchScreen.storyboard; sourceTree = "<group>"; };
		1786E1F920BD8B8A0037DD6A /* Info.plist */ = {isa = PBXFileReference; lastKnownFileType = text.plist.xml; path = Info.plist; sourceTree = "<group>"; };
		1786E1FF20BD8C0E0037DD6A /* RootRouter.swift */ = {isa = PBXFileReference; lastKnownFileType = sourcecode.swift; path = RootRouter.swift; sourceTree = "<group>"; };
		1786E21520BD8E350037DD6A /* FeatureListInteractor.swift */ = {isa = PBXFileReference; lastKnownFileType = sourcecode.swift; path = FeatureListInteractor.swift; sourceTree = "<group>"; };
		1786E21820BD8E9F0037DD6A /* FeatureCategoryEntity.swift */ = {isa = PBXFileReference; lastKnownFileType = sourcecode.swift; path = FeatureCategoryEntity.swift; sourceTree = "<group>"; };
		1786E21A20BD8EB00037DD6A /* FeatureEntity.swift */ = {isa = PBXFileReference; lastKnownFileType = sourcecode.swift; path = FeatureEntity.swift; sourceTree = "<group>"; };
		1786E22220BD9CDA0037DD6A /* Extensions.swift */ = {isa = PBXFileReference; lastKnownFileType = sourcecode.swift; path = Extensions.swift; sourceTree = "<group>"; };
		1786E22D20C02D900037DD6A /* FeatureCollectionInterface.swift */ = {isa = PBXFileReference; lastKnownFileType = sourcecode.swift; path = FeatureCollectionInterface.swift; sourceTree = "<group>"; };
		1786E22F20C0F72E0037DD6A /* FeatureCollectionRouter.swift */ = {isa = PBXFileReference; lastKnownFileType = sourcecode.swift; path = FeatureCollectionRouter.swift; sourceTree = "<group>"; };
		1786E23120C0F76F0037DD6A /* FeatureCollectionViewPresenter.swift */ = {isa = PBXFileReference; lastKnownFileType = sourcecode.swift; path = FeatureCollectionViewPresenter.swift; sourceTree = "<group>"; };
		1786E23320C0F7E90037DD6A /* FeatureCollectionViewController.swift */ = {isa = PBXFileReference; lastKnownFileType = sourcecode.swift; path = FeatureCollectionViewController.swift; sourceTree = "<group>"; };
		1786E23420C0F7E90037DD6A /* FeatureCollectionViewController.xib */ = {isa = PBXFileReference; lastKnownFileType = file.xib; path = FeatureCollectionViewController.xib; sourceTree = "<group>"; };
		1786E23820C17F2F0037DD6A /* FeatureCollectionHeaderView.swift */ = {isa = PBXFileReference; lastKnownFileType = sourcecode.swift; path = FeatureCollectionHeaderView.swift; sourceTree = "<group>"; };
		1786E23920C17F2F0037DD6A /* FeatureCollectionHeaderView.xib */ = {isa = PBXFileReference; lastKnownFileType = file.xib; path = FeatureCollectionHeaderView.xib; sourceTree = "<group>"; };
		1786E23C20C23AC50037DD6A /* FeatureCollectionFooterView.swift */ = {isa = PBXFileReference; lastKnownFileType = sourcecode.swift; path = FeatureCollectionFooterView.swift; sourceTree = "<group>"; };
		1786E23D20C23AC50037DD6A /* FeatureCollectionFooterView.xib */ = {isa = PBXFileReference; lastKnownFileType = file.xib; path = FeatureCollectionFooterView.xib; sourceTree = "<group>"; };
		1786E24020C56D930037DD6A /* FeatureCollectionViewCell.swift */ = {isa = PBXFileReference; fileEncoding = 4; lastKnownFileType = sourcecode.swift; path = FeatureCollectionViewCell.swift; sourceTree = "<group>"; };
		1786E24120C56D930037DD6A /* FeatureCollectionViewCell.xib */ = {isa = PBXFileReference; fileEncoding = 4; lastKnownFileType = file.xib; path = FeatureCollectionViewCell.xib; sourceTree = "<group>"; };
		17D442FE20C6420800DC3D9C /* FeatureCategoriesEntity.swift */ = {isa = PBXFileReference; lastKnownFileType = sourcecode.swift; path = FeatureCategoriesEntity.swift; sourceTree = "<group>"; };
		17D4430020C6C04800DC3D9C /* features.json */ = {isa = PBXFileReference; fileEncoding = 4; lastKnownFileType = text.json; path = features.json; sourceTree = "<group>"; };
/* End PBXFileReference section */

/* Begin PBXFrameworksBuildPhase section */
		1786E1E720BD8B880037DD6A /* Frameworks */ = {
			isa = PBXFrameworksBuildPhase;
			buildActionMask = 2147483647;
			files = (
			);
			runOnlyForDeploymentPostprocessing = 0;
		};
/* End PBXFrameworksBuildPhase section */

/* Begin PBXGroup section */
		1786E1E120BD8B880037DD6A = {
			isa = PBXGroup;
			children = (
				1786E1EC20BD8B880037DD6A /* iTunesStoreSample */,
				1786E1EB20BD8B880037DD6A /* Products */,
			);
			sourceTree = "<group>";
		};
		1786E1EB20BD8B880037DD6A /* Products */ = {
			isa = PBXGroup;
			children = (
				1786E1EA20BD8B880037DD6A /* iTunesStoreSample.app */,
			);
			name = Products;
			sourceTree = "<group>";
		};
		1786E1EC20BD8B880037DD6A /* iTunesStoreSample */ = {
			isa = PBXGroup;
			children = (
				1786E1ED20BD8B880037DD6A /* AppDelegate.swift */,
				1786E1FF20BD8C0E0037DD6A /* RootRouter.swift */,
				1786E20120BD8C660037DD6A /* modules */,
				1786E21720BD8E5D0037DD6A /* entities */,
				1786E22120BD9CBC0037DD6A /* utils */,
				17D442FD20C63B8100DC3D9C /* resources */,
				1786E1EF20BD8B880037DD6A /* ViewController.swift */,
				1786E1F420BD8B8A0037DD6A /* Assets.xcassets */,
				1786E1F620BD8B8A0037DD6A /* LaunchScreen.storyboard */,
				1786E1F920BD8B8A0037DD6A /* Info.plist */,
			);
			path = iTunesStoreSample;
			sourceTree = "<group>";
		};
		1786E20120BD8C660037DD6A /* modules */ = {
			isa = PBXGroup;
			children = (
				1786E22820C02C190037DD6A /* feature-collection */,
			);
			path = modules;
			sourceTree = "<group>";
		};
		1786E21120BD8DF70037DD6A /* interactor */ = {
			isa = PBXGroup;
			children = (
				1786E21520BD8E350037DD6A /* FeatureListInteractor.swift */,
			);
			path = interactor;
			sourceTree = "<group>";
		};
		1786E21720BD8E5D0037DD6A /* entities */ = {
			isa = PBXGroup;
			children = (
				17D442FE20C6420800DC3D9C /* FeatureCategoriesEntity.swift */,
				1786E21820BD8E9F0037DD6A /* FeatureCategoryEntity.swift */,
				1786E21A20BD8EB00037DD6A /* FeatureEntity.swift */,
			);
			path = entities;
			sourceTree = "<group>";
		};
		1786E22120BD9CBC0037DD6A /* utils */ = {
			isa = PBXGroup;
			children = (
				1786E22220BD9CDA0037DD6A /* Extensions.swift */,
			);
			path = utils;
			sourceTree = "<group>";
		};
		1786E22820C02C190037DD6A /* feature-collection */ = {
			isa = PBXGroup;
			children = (
				1786E22C20C02C4E0037DD6A /* view */,
				1786E22B20C02C3F0037DD6A /* presenter */,
				1786E22A20C02C370037DD6A /* router */,
				1786E21120BD8DF70037DD6A /* interactor */,
				1786E22920C02C2F0037DD6A /* interface */,
			);
			path = "feature-collection";
			sourceTree = "<group>";
		};
		1786E22920C02C2F0037DD6A /* interface */ = {
			isa = PBXGroup;
			children = (
				1786E22D20C02D900037DD6A /* FeatureCollectionInterface.swift */,
			);
			path = interface;
			sourceTree = "<group>";
		};
		1786E22A20C02C370037DD6A /* router */ = {
			isa = PBXGroup;
			children = (
				1786E22F20C0F72E0037DD6A /* FeatureCollectionRouter.swift */,
			);
			path = router;
			sourceTree = "<group>";
		};
		1786E22B20C02C3F0037DD6A /* presenter */ = {
			isa = PBXGroup;
			children = (
				1786E23120C0F76F0037DD6A /* FeatureCollectionViewPresenter.swift */,
			);
			path = presenter;
			sourceTree = "<group>";
		};
		1786E22C20C02C4E0037DD6A /* view */ = {
			isa = PBXGroup;
			children = (
				1786E23320C0F7E90037DD6A /* FeatureCollectionViewController.swift */,
				1786E23420C0F7E90037DD6A /* FeatureCollectionViewController.xib */,
				1786E23720C17F030037DD6A /* subview */,
			);
			path = view;
			sourceTree = "<group>";
		};
		1786E23720C17F030037DD6A /* subview */ = {
			isa = PBXGroup;
			children = (
				1786E24020C56D930037DD6A /* FeatureCollectionViewCell.swift */,
				1786E24120C56D930037DD6A /* FeatureCollectionViewCell.xib */,
				1786E23820C17F2F0037DD6A /* FeatureCollectionHeaderView.swift */,
				1786E23920C17F2F0037DD6A /* FeatureCollectionHeaderView.xib */,
				1786E23C20C23AC50037DD6A /* FeatureCollectionFooterView.swift */,
				1786E23D20C23AC50037DD6A /* FeatureCollectionFooterView.xib */,
			);
			path = subview;
			sourceTree = "<group>";
		};
		17D442FD20C63B8100DC3D9C /* resources */ = {
			isa = PBXGroup;
			children = (
				17D4430020C6C04800DC3D9C /* features.json */,
			);
			path = resources;
			sourceTree = "<group>";
		};
/* End PBXGroup section */

/* Begin PBXNativeTarget section */
		1786E1E920BD8B880037DD6A /* iTunesStoreSample */ = {
			isa = PBXNativeTarget;
			buildConfigurationList = 1786E1FC20BD8B8A0037DD6A /* Build configuration list for PBXNativeTarget "iTunesStoreSample" */;
			buildPhases = (
				1786E1E620BD8B880037DD6A /* Sources */,
				1786E1E720BD8B880037DD6A /* Frameworks */,
				1786E1E820BD8B880037DD6A /* Resources */,
			);
			buildRules = (
			);
			dependencies = (
			);
			name = iTunesStoreSample;
			productName = iTunesStoreSample;
			productReference = 1786E1EA20BD8B880037DD6A /* iTunesStoreSample.app */;
			productType = "com.apple.product-type.application";
		};
/* End PBXNativeTarget section */

/* Begin PBXProject section */
		1786E1E220BD8B880037DD6A /* Project object */ = {
			isa = PBXProject;
			attributes = {
				LastSwiftUpdateCheck = 0930;
				LastUpgradeCheck = 0930;
				ORGANIZATIONNAME = HikaruSato;
				TargetAttributes = {
					1786E1E920BD8B880037DD6A = {
						CreatedOnToolsVersion = 9.3.1;
					};
				};
			};
			buildConfigurationList = 1786E1E520BD8B880037DD6A /* Build configuration list for PBXProject "iTunesStoreSample" */;
			compatibilityVersion = "Xcode 9.3";
			developmentRegion = en;
			hasScannedForEncodings = 0;
			knownRegions = (
				en,
				Base,
			);
			mainGroup = 1786E1E120BD8B880037DD6A;
			productRefGroup = 1786E1EB20BD8B880037DD6A /* Products */;
			projectDirPath = "";
			projectRoot = "";
			targets = (
				1786E1E920BD8B880037DD6A /* iTunesStoreSample */,
			);
		};
/* End PBXProject section */

/* Begin PBXResourcesBuildPhase section */
		1786E1E820BD8B880037DD6A /* Resources */ = {
			isa = PBXResourcesBuildPhase;
			buildActionMask = 2147483647;
			files = (
				1786E1F820BD8B8A0037DD6A /* LaunchScreen.storyboard in Resources */,
				1786E1F520BD8B8A0037DD6A /* Assets.xcassets in Resources */,
				1786E23F20C23AC50037DD6A /* FeatureCollectionFooterView.xib in Resources */,
				1786E23620C0F7E90037DD6A /* FeatureCollectionViewController.xib in Resources */,
				1786E24320C56D940037DD6A /* FeatureCollectionViewCell.xib in Resources */,
				1786E23B20C17F2F0037DD6A /* FeatureCollectionHeaderView.xib in Resources */,
				17D4430120C6C04800DC3D9C /* features.json in Resources */,
			);
			runOnlyForDeploymentPostprocessing = 0;
		};
/* End PBXResourcesBuildPhase section */

/* Begin PBXSourcesBuildPhase section */
		1786E1E620BD8B880037DD6A /* Sources */ = {
			isa = PBXSourcesBuildPhase;
			buildActionMask = 2147483647;
			files = (
				1786E24220C56D940037DD6A /* FeatureCollectionViewCell.swift in Sources */,
				1786E22E20C02D900037DD6A /* FeatureCollectionInterface.swift in Sources */,
				1786E1F020BD8B880037DD6A /* ViewController.swift in Sources */,
				1786E21620BD8E350037DD6A /* FeatureListInteractor.swift in Sources */,
				1786E23520C0F7E90037DD6A /* FeatureCollectionViewController.swift in Sources */,
				1786E23A20C17F2F0037DD6A /* FeatureCollectionHeaderView.swift in Sources */,
				1786E21B20BD8EB00037DD6A /* FeatureEntity.swift in Sources */,
				17D442FF20C6420800DC3D9C /* FeatureCategoriesEntity.swift in Sources */,
				1786E20020BD8C0E0037DD6A /* RootRouter.swift in Sources */,
				1786E23E20C23AC50037DD6A /* FeatureCollectionFooterView.swift in Sources */,
				1786E23020C0F72E0037DD6A /* FeatureCollectionRouter.swift in Sources */,
				1786E23220C0F76F0037DD6A /* FeatureCollectionViewPresenter.swift in Sources */,
				1786E22320BD9CDA0037DD6A /* Extensions.swift in Sources */,
				1786E21920BD8E9F0037DD6A /* FeatureCategoryEntity.swift in Sources */,
				1786E1EE20BD8B880037DD6A /* AppDelegate.swift in Sources */,
			);
			runOnlyForDeploymentPostprocessing = 0;
		};
/* End PBXSourcesBuildPhase section */

/* Begin PBXVariantGroup section */
		1786E1F620BD8B8A0037DD6A /* LaunchScreen.storyboard */ = {
			isa = PBXVariantGroup;
			children = (
				1786E1F720BD8B8A0037DD6A /* Base */,
			);
			name = LaunchScreen.storyboard;
			sourceTree = "<group>";
		};
/* End PBXVariantGroup section */

/* Begin XCBuildConfiguration section */
		1786E1FA20BD8B8A0037DD6A /* Debug */ = {
			isa = XCBuildConfiguration;
			buildSettings = {
				ALWAYS_SEARCH_USER_PATHS = NO;
				CLANG_ANALYZER_NONNULL = YES;
				CLANG_ANALYZER_NUMBER_OBJECT_CONVERSION = YES_AGGRESSIVE;
				CLANG_CXX_LANGUAGE_STANDARD = "gnu++14";
				CLANG_CXX_LIBRARY = "libc++";
				CLANG_ENABLE_MODULES = YES;
				CLANG_ENABLE_OBJC_ARC = YES;
				CLANG_ENABLE_OBJC_WEAK = YES;
				CLANG_WARN_BLOCK_CAPTURE_AUTORELEASING = YES;
				CLANG_WARN_BOOL_CONVERSION = YES;
				CLANG_WARN_COMMA = YES;
				CLANG_WARN_CONSTANT_CONVERSION = YES;
				CLANG_WARN_DEPRECATED_OBJC_IMPLEMENTATIONS = YES;
				CLANG_WARN_DIRECT_OBJC_ISA_USAGE = YES_ERROR;
				CLANG_WARN_DOCUMENTATION_COMMENTS = YES;
				CLANG_WARN_EMPTY_BODY = YES;
				CLANG_WARN_ENUM_CONVERSION = YES;
				CLANG_WARN_INFINITE_RECURSION = YES;
				CLANG_WARN_INT_CONVERSION = YES;
				CLANG_WARN_NON_LITERAL_NULL_CONVERSION = YES;
				CLANG_WARN_OBJC_IMPLICIT_RETAIN_SELF = YES;
				CLANG_WARN_OBJC_LITERAL_CONVERSION = YES;
				CLANG_WARN_OBJC_ROOT_CLASS = YES_ERROR;
				CLANG_WARN_RANGE_LOOP_ANALYSIS = YES;
				CLANG_WARN_STRICT_PROTOTYPES = YES;
				CLANG_WARN_SUSPICIOUS_MOVE = YES;
				CLANG_WARN_UNGUARDED_AVAILABILITY = YES_AGGRESSIVE;
				CLANG_WARN_UNREACHABLE_CODE = YES;
				CLANG_WARN__DUPLICATE_METHOD_MATCH = YES;
				CODE_SIGN_IDENTITY = "iPhone Developer";
				COPY_PHASE_STRIP = NO;
				DEBUG_INFORMATION_FORMAT = dwarf;
				ENABLE_STRICT_OBJC_MSGSEND = YES;
				ENABLE_TESTABILITY = YES;
				GCC_C_LANGUAGE_STANDARD = gnu11;
				GCC_DYNAMIC_NO_PIC = NO;
				GCC_NO_COMMON_BLOCKS = YES;
				GCC_OPTIMIZATION_LEVEL = 0;
				GCC_PREPROCESSOR_DEFINITIONS = (
					"DEBUG=1",
					"$(inherited)",
				);
				GCC_WARN_64_TO_32_BIT_CONVERSION = YES;
				GCC_WARN_ABOUT_RETURN_TYPE = YES_ERROR;
				GCC_WARN_UNDECLARED_SELECTOR = YES;
				GCC_WARN_UNINITIALIZED_AUTOS = YES_AGGRESSIVE;
				GCC_WARN_UNUSED_FUNCTION = YES;
				GCC_WARN_UNUSED_VARIABLE = YES;
				IPHONEOS_DEPLOYMENT_TARGET = 11.3;
				MTL_ENABLE_DEBUG_INFO = YES;
				ONLY_ACTIVE_ARCH = YES;
				SDKROOT = iphoneos;
				SWIFT_ACTIVE_COMPILATION_CONDITIONS = DEBUG;
				SWIFT_OPTIMIZATION_LEVEL = "-Onone";
			};
			name = Debug;
		};
		1786E1FB20BD8B8A0037DD6A /* Release */ = {
			isa = XCBuildConfiguration;
			buildSettings = {
				ALWAYS_SEARCH_USER_PATHS = NO;
				CLANG_ANALYZER_NONNULL = YES;
				CLANG_ANALYZER_NUMBER_OBJECT_CONVERSION = YES_AGGRESSIVE;
				CLANG_CXX_LANGUAGE_STANDARD = "gnu++14";
				CLANG_CXX_LIBRARY = "libc++";
				CLANG_ENABLE_MODULES = YES;
				CLANG_ENABLE_OBJC_ARC = YES;
				CLANG_ENABLE_OBJC_WEAK = YES;
				CLANG_WARN_BLOCK_CAPTURE_AUTORELEASING = YES;
				CLANG_WARN_BOOL_CONVERSION = YES;
				CLANG_WARN_COMMA = YES;
				CLANG_WARN_CONSTANT_CONVERSION = YES;
				CLANG_WARN_DEPRECATED_OBJC_IMPLEMENTATIONS = YES;
				CLANG_WARN_DIRECT_OBJC_ISA_USAGE = YES_ERROR;
				CLANG_WARN_DOCUMENTATION_COMMENTS = YES;
				CLANG_WARN_EMPTY_BODY = YES;
				CLANG_WARN_ENUM_CONVERSION = YES;
				CLANG_WARN_INFINITE_RECURSION = YES;
				CLANG_WARN_INT_CONVERSION = YES;
				CLANG_WARN_NON_LITERAL_NULL_CONVERSION = YES;
				CLANG_WARN_OBJC_IMPLICIT_RETAIN_SELF = YES;
				CLANG_WARN_OBJC_LITERAL_CONVERSION = YES;
				CLANG_WARN_OBJC_ROOT_CLASS = YES_ERROR;
				CLANG_WARN_RANGE_LOOP_ANALYSIS = YES;
				CLANG_WARN_STRICT_PROTOTYPES = YES;
				CLANG_WARN_SUSPICIOUS_MOVE = YES;
				CLANG_WARN_UNGUARDED_AVAILABILITY = YES_AGGRESSIVE;
				CLANG_WARN_UNREACHABLE_CODE = YES;
				CLANG_WARN__DUPLICATE_METHOD_MATCH = YES;
				CODE_SIGN_IDENTITY = "iPhone Developer";
				COPY_PHASE_STRIP = NO;
				DEBUG_INFORMATION_FORMAT = "dwarf-with-dsym";
				ENABLE_NS_ASSERTIONS = NO;
				ENABLE_STRICT_OBJC_MSGSEND = YES;
				GCC_C_LANGUAGE_STANDARD = gnu11;
				GCC_NO_COMMON_BLOCKS = YES;
				GCC_WARN_64_TO_32_BIT_CONVERSION = YES;
				GCC_WARN_ABOUT_RETURN_TYPE = YES_ERROR;
				GCC_WARN_UNDECLARED_SELECTOR = YES;
				GCC_WARN_UNINITIALIZED_AUTOS = YES_AGGRESSIVE;
				GCC_WARN_UNUSED_FUNCTION = YES;
				GCC_WARN_UNUSED_VARIABLE = YES;
				IPHONEOS_DEPLOYMENT_TARGET = 11.3;
				MTL_ENABLE_DEBUG_INFO = NO;
				SDKROOT = iphoneos;
				SWIFT_COMPILATION_MODE = wholemodule;
				SWIFT_OPTIMIZATION_LEVEL = "-O";
				VALIDATE_PRODUCT = YES;
			};
			name = Release;
		};
		1786E1FD20BD8B8A0037DD6A /* Debug */ = {
			isa = XCBuildConfiguration;
			buildSettings = {
				ASSETCATALOG_COMPILER_APPICON_NAME = AppIcon;
				CODE_SIGN_STYLE = Automatic;
				DEVELOPMENT_TEAM = 8RYHZQ93KG;
				INFOPLIST_FILE = iTunesStoreSample/Info.plist;
				LD_RUNPATH_SEARCH_PATHS = (
					"$(inherited)",
					"@executable_path/Frameworks",
				);
				PRODUCT_BUNDLE_IDENTIFIER = com.hicka04.iTunesStoreSample;
				PRODUCT_NAME = "$(TARGET_NAME)";
				SWIFT_VERSION = 4.0;
				TARGETED_DEVICE_FAMILY = "1,2";
			};
			name = Debug;
		};
		1786E1FE20BD8B8A0037DD6A /* Release */ = {
			isa = XCBuildConfiguration;
			buildSettings = {
				ASSETCATALOG_COMPILER_APPICON_NAME = AppIcon;
				CODE_SIGN_STYLE = Automatic;
				DEVELOPMENT_TEAM = 8RYHZQ93KG;
				INFOPLIST_FILE = iTunesStoreSample/Info.plist;
				LD_RUNPATH_SEARCH_PATHS = (
					"$(inherited)",
					"@executable_path/Frameworks",
				);
				PRODUCT_BUNDLE_IDENTIFIER = com.hicka04.iTunesStoreSample;
				PRODUCT_NAME = "$(TARGET_NAME)";
				SWIFT_VERSION = 4.0;
				TARGETED_DEVICE_FAMILY = "1,2";
			};
			name = Release;
		};
/* End XCBuildConfiguration section */

/* Begin XCConfigurationList section */
		1786E1E520BD8B880037DD6A /* Build configuration list for PBXProject "iTunesStoreSample" */ = {
			isa = XCConfigurationList;
			buildConfigurations = (
				1786E1FA20BD8B8A0037DD6A /* Debug */,
				1786E1FB20BD8B8A0037DD6A /* Release */,
			);
			defaultConfigurationIsVisible = 0;
			defaultConfigurationName = Release;
		};
		1786E1FC20BD8B8A0037DD6A /* Build configuration list for PBXNativeTarget "iTunesStoreSample" */ = {
			isa = XCConfigurationList;
			buildConfigurations = (
				1786E1FD20BD8B8A0037DD6A /* Debug */,
				1786E1FE20BD8B8A0037DD6A /* Release */,
			);
			defaultConfigurationIsVisible = 0;
			defaultConfigurationName = Release;
		};
/* End XCConfigurationList section */
	};
	rootObject = 1786E1E220BD8B880037DD6A /* Project object */;
}
